// !$*UTF8*$!
{
	archiveVersion = 1;
	classes = {
	};
	objectVersion = 50;
	objects = {

/* Begin PBXBuildFile section */
		7437FC8222A7A88500E6B60C /* KeyboardType.swift in Sources */ = {isa = PBXBuildFile; fileRef = 7437FC8122A7A88500E6B60C /* KeyboardType.swift */; };
		7437FC8522A8F86500E6B60C /* Model.swift in Sources */ = {isa = PBXBuildFile; fileRef = 7437FC8422A8F86500E6B60C /* Model.swift */; };
		74432B2422C773D4005ABE2B /* InputModel.swift in Sources */ = {isa = PBXBuildFile; fileRef = 74432B2322C773D4005ABE2B /* InputModel.swift */; };
		74C2B96C224482490029D12D /* AppDelegate.swift in Sources */ = {isa = PBXBuildFile; fileRef = 74C2B96B224482490029D12D /* AppDelegate.swift */; };
		74C2B96E224482490029D12D /* ViewController.swift in Sources */ = {isa = PBXBuildFile; fileRef = 74C2B96D224482490029D12D /* ViewController.swift */; };
		74C2B971224482490029D12D /* Main.storyboard in Resources */ = {isa = PBXBuildFile; fileRef = 74C2B96F224482490029D12D /* Main.storyboard */; };
		74C2B9732244824B0029D12D /* Assets.xcassets in Resources */ = {isa = PBXBuildFile; fileRef = 74C2B9722244824B0029D12D /* Assets.xcassets */; };
		74C2B9762244824B0029D12D /* LaunchScreen.storyboard in Resources */ = {isa = PBXBuildFile; fileRef = 74C2B9742244824B0029D12D /* LaunchScreen.storyboard */; };
		74C2F662229525F700D58F87 /* Extension.swift in Sources */ = {isa = PBXBuildFile; fileRef = 74C2F661229525F700D58F87 /* Extension.swift */; };
/* End PBXBuildFile section */

/* Begin PBXFileReference section */
		7437FC8122A7A88500E6B60C /* KeyboardType.swift */ = {isa = PBXFileReference; lastKnownFileType = sourcecode.swift; path = KeyboardType.swift; sourceTree = "<group>"; };
		7437FC8422A8F86500E6B60C /* Model.swift */ = {isa = PBXFileReference; lastKnownFileType = sourcecode.swift; path = Model.swift; sourceTree = "<group>"; };
		74432B2322C773D4005ABE2B /* InputModel.swift */ = {isa = PBXFileReference; lastKnownFileType = sourcecode.swift; path = InputModel.swift; sourceTree = "<group>"; };
		74C2B968224482490029D12D /* 35.TipCalculator.app */ = {isa = PBXFileReference; explicitFileType = wrapper.application; includeInIndex = 0; path = 35.TipCalculator.app; sourceTree = BUILT_PRODUCTS_DIR; };
		74C2B96B224482490029D12D /* AppDelegate.swift */ = {isa = PBXFileReference; lastKnownFileType = sourcecode.swift; path = AppDelegate.swift; sourceTree = "<group>"; };
		74C2B96D224482490029D12D /* ViewController.swift */ = {isa = PBXFileReference; lastKnownFileType = sourcecode.swift; path = ViewController.swift; sourceTree = "<group>"; };
		74C2B970224482490029D12D /* Base */ = {isa = PBXFileReference; lastKnownFileType = file.storyboard; name = Base; path = Base.lproj/Main.storyboard; sourceTree = "<group>"; };
		74C2B9722244824B0029D12D /* Assets.xcassets */ = {isa = PBXFileReference; lastKnownFileType = folder.assetcatalog; path = Assets.xcassets; sourceTree = "<group>"; };
		74C2B9752244824B0029D12D /* Base */ = {isa = PBXFileReference; lastKnownFileType = file.storyboard; name = Base; path = Base.lproj/LaunchScreen.storyboard; sourceTree = "<group>"; };
		74C2B9772244824B0029D12D /* Info.plist */ = {isa = PBXFileReference; lastKnownFileType = text.plist.xml; path = Info.plist; sourceTree = "<group>"; };
		74C2F661229525F700D58F87 /* Extension.swift */ = {isa = PBXFileReference; lastKnownFileType = sourcecode.swift; path = Extension.swift; sourceTree = "<group>"; };
/* End PBXFileReference section */

/* Begin PBXFrameworksBuildPhase section */
		74C2B965224482490029D12D /* Frameworks */ = {
			isa = PBXFrameworksBuildPhase;
			buildActionMask = 2147483647;
			files = (
			);
			runOnlyForDeploymentPostprocessing = 0;
		};
/* End PBXFrameworksBuildPhase section */

/* Begin PBXGroup section */
		7437FC8322A8F6A100E6B60C /* ViewController */ = {
			isa = PBXGroup;
			children = (
				74C2B96D224482490029D12D /* ViewController.swift */,
			);
			path = ViewController;
			sourceTree = "<group>";
		};
		74C2B95F224482490029D12D = {
			isa = PBXGroup;
			children = (
				74C2B96A224482490029D12D /* 35.TipCalculator */,
			);
			sourceTree = "<group>";
		};
		74C2B969224482490029D12D /* Products */ = {
			isa = PBXGroup;
			children = (
				74C2B968224482490029D12D /* 35.TipCalculator.app */,
			);
			name = Products;
			path = ..;
			sourceTree = "<group>";
		};
		74C2B96A224482490029D12D /* 35.TipCalculator */ = {
			isa = PBXGroup;
			children = (
				74C2B9722244824B0029D12D /* Assets.xcassets */,
				74C2B96F224482490029D12D /* Main.storyboard */,
				74C2B9742244824B0029D12D /* LaunchScreen.storyboard */,
				74C2B96B224482490029D12D /* AppDelegate.swift */,
				7437FC8122A7A88500E6B60C /* KeyboardType.swift */,
				7437FC8422A8F86500E6B60C /* Model.swift */,
				74432B2322C773D4005ABE2B /* InputModel.swift */,
				74C2F661229525F700D58F87 /* Extension.swift */,
				7437FC8322A8F6A100E6B60C /* ViewController */,
				74C2B9772244824B0029D12D /* Info.plist */,
				74C2B969224482490029D12D /* Products */,
			);
			path = 35.TipCalculator;
			sourceTree = "<group>";
		};
/* End PBXGroup section */

/* Begin PBXNativeTarget section */
		74C2B967224482490029D12D /* 35.TipCalculator */ = {
			isa = PBXNativeTarget;
			buildConfigurationList = 74C2B97A2244824B0029D12D /* Build configuration list for PBXNativeTarget "35.TipCalculator" */;
			buildPhases = (
				74C2B964224482490029D12D /* Sources */,
				74C2B965224482490029D12D /* Frameworks */,
				74C2B966224482490029D12D /* Resources */,
			);
			buildRules = (
			);
			dependencies = (
			);
			name = 35.TipCalculator;
			productName = 35.TipCalculator;
			productReference = 74C2B968224482490029D12D /* 35.TipCalculator.app */;
			productType = "com.apple.product-type.application";
		};
/* End PBXNativeTarget section */

/* Begin PBXProject section */
		74C2B960224482490029D12D /* Project object */ = {
			isa = PBXProject;
			attributes = {
				LastSwiftUpdateCheck = 1010;
				LastUpgradeCheck = 1010;
				ORGANIZATIONNAME = "張睿哲";
				TargetAttributes = {
					74C2B967224482490029D12D = {
						CreatedOnToolsVersion = 10.1;
						LastSwiftMigration = 1020;
					};
				};
			};
			buildConfigurationList = 74C2B963224482490029D12D /* Build configuration list for PBXProject "35.TipCalculator" */;
			compatibilityVersion = "Xcode 9.3";
			developmentRegion = en;
			hasScannedForEncodings = 0;
			knownRegions = (
				en,
				Base,
			);
			mainGroup = 74C2B95F224482490029D12D;
			productRefGroup = 74C2B969224482490029D12D /* Products */;
			projectDirPath = "";
			projectRoot = "";
			targets = (
				74C2B967224482490029D12D /* 35.TipCalculator */,
			);
		};
/* End PBXProject section */

/* Begin PBXResourcesBuildPhase section */
		74C2B966224482490029D12D /* Resources */ = {
			isa = PBXResourcesBuildPhase;
			buildActionMask = 2147483647;
			files = (
				74C2B9762244824B0029D12D /* LaunchScreen.storyboard in Resources */,
				74C2B9732244824B0029D12D /* Assets.xcassets in Resources */,
				74C2B971224482490029D12D /* Main.storyboard in Resources */,
			);
			runOnlyForDeploymentPostprocessing = 0;
		};
/* End PBXResourcesBuildPhase section */

/* Begin PBXSourcesBuildPhase section */
		74C2B964224482490029D12D /* Sources */ = {
			isa = PBXSourcesBuildPhase;
			buildActionMask = 2147483647;
			files = (
				74432B2422C773D4005ABE2B /* InputModel.swift in Sources */,
				7437FC8522A8F86500E6B60C /* Model.swift in Sources */,
				7437FC8222A7A88500E6B60C /* KeyboardType.swift in Sources */,
				74C2F662229525F700D58F87 /* Extension.swift in Sources */,
				74C2B96E224482490029D12D /* ViewController.swift in Sources */,
				74C2B96C224482490029D12D /* AppDelegate.swift in Sources */,
			);
			runOnlyForDeploymentPostprocessing = 0;
		};
/* End PBXSourcesBuildPhase section */

/* Begin PBXVariantGroup section */
		74C2B96F224482490029D12D /* Main.storyboard */ = {
			isa = PBXVariantGroup;
			children = (
				74C2B970224482490029D12D /* Base */,
			);
			name = Main.storyboard;
			sourceTree = "<group>";
		};
		74C2B9742244824B0029D12D /* LaunchScreen.storyboard */ = {
			isa = PBXVariantGroup;
			children = (
				74C2B9752244824B0029D12D /* Base */,
			);
			name = LaunchScreen.storyboard;
			sourceTree = "<group>";
		};
/* End PBXVariantGroup section */

/* Begin XCBuildConfiguration section */
		74C2B9782244824B0029D12D /* Debug */ = {
			isa = XCBuildConfiguration;
			buildSettings = {
				ALWAYS_SEARCH_USER_PATHS = NO;
				CLANG_ANALYZER_NONNULL = YES;
				CLANG_ANALYZER_NUMBER_OBJECT_CONVERSION = YES_AGGRESSIVE;
				CLANG_CXX_LANGUAGE_STANDARD = "gnu++14";
				CLANG_CXX_LIBRARY = "libc++";
				CLANG_ENABLE_MODULES = YES;
				CLANG_ENABLE_OBJC_ARC = YES;
				CLANG_ENABLE_OBJC_WEAK = YES;
				CLANG_WARN_BLOCK_CAPTURE_AUTORELEASING = YES;
				CLANG_WARN_BOOL_CONVERSION = YES;
				CLANG_WARN_COMMA = YES;
				CLANG_WARN_CONSTANT_CONVERSION = YES;
				CLANG_WARN_DEPRECATED_OBJC_IMPLEMENTATIONS = YES;
				CLANG_WARN_DIRECT_OBJC_ISA_USAGE = YES_ERROR;
				CLANG_WARN_DOCUMENTATION_COMMENTS = YES;
				CLANG_WARN_EMPTY_BODY = YES;
				CLANG_WARN_ENUM_CONVERSION = YES;
				CLANG_WARN_INFINITE_RECURSION = YES;
				CLANG_WARN_INT_CONVERSION = YES;
				CLANG_WARN_NON_LITERAL_NULL_CONVERSION = YES;
				CLANG_WARN_OBJC_IMPLICIT_RETAIN_SELF = YES;
				CLANG_WARN_OBJC_LITERAL_CONVERSION = YES;
				CLANG_WARN_OBJC_ROOT_CLASS = YES_ERROR;
				CLANG_WARN_RANGE_LOOP_ANALYSIS = YES;
				CLANG_WARN_STRICT_PROTOTYPES = YES;
				CLANG_WARN_SUSPICIOUS_MOVE = YES;
				CLANG_WARN_UNGUARDED_AVAILABILITY = YES_AGGRESSIVE;
				CLANG_WARN_UNREACHABLE_CODE = YES;
				CLANG_WARN__DUPLICATE_METHOD_MATCH = YES;
				CODE_SIGN_IDENTITY = "iPhone Developer";
				COPY_PHASE_STRIP = NO;
				DEBUG_INFORMATION_FORMAT = dwarf;
				ENABLE_STRICT_OBJC_MSGSEND = YES;
				ENABLE_TESTABILITY = YES;
				GCC_C_LANGUAGE_STANDARD = gnu11;
				GCC_DYNAMIC_NO_PIC = NO;
				GCC_NO_COMMON_BLOCKS = YES;
				GCC_OPTIMIZATION_LEVEL = 0;
				GCC_PREPROCESSOR_DEFINITIONS = (
					"DEBUG=1",
					"$(inherited)",
				);
				GCC_WARN_64_TO_32_BIT_CONVERSION = YES;
				GCC_WARN_ABOUT_RETURN_TYPE = YES_ERROR;
				GCC_WARN_UNDECLARED_SELECTOR = YES;
				GCC_WARN_UNINITIALIZED_AUTOS = YES_AGGRESSIVE;
				GCC_WARN_UNUSED_FUNCTION = YES;
				GCC_WARN_UNUSED_VARIABLE = YES;
				IPHONEOS_DEPLOYMENT_TARGET = 12.1;
				MTL_ENABLE_DEBUG_INFO = INCLUDE_SOURCE;
				MTL_FAST_MATH = YES;
				ONLY_ACTIVE_ARCH = YES;
				SDKROOT = iphoneos;
				SWIFT_ACTIVE_COMPILATION_CONDITIONS = DEBUG;
				SWIFT_OPTIMIZATION_LEVEL = "-Onone";
			};
			name = Debug;
		};
		74C2B9792244824B0029D12D /* Release */ = {
			isa = XCBuildConfiguration;
			buildSettings = {
				ALWAYS_SEARCH_USER_PATHS = NO;
				CLANG_ANALYZER_NONNULL = YES;
				CLANG_ANALYZER_NUMBER_OBJECT_CONVERSION = YES_AGGRESSIVE;
				CLANG_CXX_LANGUAGE_STANDARD = "gnu++14";
				CLANG_CXX_LIBRARY = "libc++";
				CLANG_ENABLE_MODULES = YES;
				CLANG_ENABLE_OBJC_ARC = YES;
				CLANG_ENABLE_OBJC_WEAK = YES;
				CLANG_WARN_BLOCK_CAPTURE_AUTORELEASING = YES;
				CLANG_WARN_BOOL_CONVERSION = YES;
				CLANG_WARN_COMMA = YES;
				CLANG_WARN_CONSTANT_CONVERSION = YES;
				CLANG_WARN_DEPRECATED_OBJC_IMPLEMENTATIONS = YES;
				CLANG_WARN_DIRECT_OBJC_ISA_USAGE = YES_ERROR;
				CLANG_WARN_DOCUMENTATION_COMMENTS = YES;
				CLANG_WARN_EMPTY_BODY = YES;
				CLANG_WARN_ENUM_CONVERSION = YES;
				CLANG_WARN_INFINITE_RECURSION = YES;
				CLANG_WARN_INT_CONVERSION = YES;
				CLANG_WARN_NON_LITERAL_NULL_CONVERSION = YES;
				CLANG_WARN_OBJC_IMPLICIT_RETAIN_SELF = YES;
				CLANG_WARN_OBJC_LITERAL_CONVERSION = YES;
				CLANG_WARN_OBJC_ROOT_CLASS = YES_ERROR;
				CLANG_WARN_RANGE_LOOP_ANALYSIS = YES;
				CLANG_WARN_STRICT_PROTOTYPES = YES;
				CLANG_WARN_SUSPICIOUS_MOVE = YES;
				CLANG_WARN_UNGUARDED_AVAILABILITY = YES_AGGRESSIVE;
				CLANG_WARN_UNREACHABLE_CODE = YES;
				CLANG_WARN__DUPLICATE_METHOD_MATCH = YES;
				CODE_SIGN_IDENTITY = "iPhone Developer";
				COPY_PHASE_STRIP = NO;
				DEBUG_INFORMATION_FORMAT = "dwarf-with-dsym";
				ENABLE_NS_ASSERTIONS = NO;
				ENABLE_STRICT_OBJC_MSGSEND = YES;
				GCC_C_LANGUAGE_STANDARD = gnu11;
				GCC_NO_COMMON_BLOCKS = YES;
				GCC_WARN_64_TO_32_BIT_CONVERSION = YES;
				GCC_WARN_ABOUT_RETURN_TYPE = YES_ERROR;
				GCC_WARN_UNDECLARED_SELECTOR = YES;
				GCC_WARN_UNINITIALIZED_AUTOS = YES_AGGRESSIVE;
				GCC_WARN_UNUSED_FUNCTION = YES;
				GCC_WARN_UNUSED_VARIABLE = YES;
				IPHONEOS_DEPLOYMENT_TARGET = 12.1;
				MTL_ENABLE_DEBUG_INFO = NO;
				MTL_FAST_MATH = YES;
				SDKROOT = iphoneos;
				SWIFT_COMPILATION_MODE = wholemodule;
				SWIFT_OPTIMIZATION_LEVEL = "-O";
				VALIDATE_PRODUCT = YES;
			};
			name = Release;
		};
		74C2B97B2244824B0029D12D /* Debug */ = {
			isa = XCBuildConfiguration;
			buildSettings = {
				ASSETCATALOG_COMPILER_APPICON_NAME = AppIcon;
				CODE_SIGN_STYLE = Automatic;
				DEVELOPMENT_TEAM = 2NZHQL2FPV;
				INFOPLIST_FILE = 35.TipCalculator/Info.plist;
				IPHONEOS_DEPLOYMENT_TARGET = 10.0;
				LD_RUNPATH_SEARCH_PATHS = (
					"$(inherited)",
					"@executable_path/Frameworks",
				);
				PRODUCT_BUNDLE_IDENTIFIER = com.littlema.TipCalculator;
				PRODUCT_NAME = "$(TARGET_NAME)";
				SWIFT_VERSION = 5.0;
				TARGETED_DEVICE_FAMILY = 1;
			};
			name = Debug;
		};
		74C2B97C2244824B0029D12D /* Release */ = {
			isa = XCBuildConfiguration;
			buildSettings = {
				ASSETCATALOG_COMPILER_APPICON_NAME = AppIcon;
				CODE_SIGN_STYLE = Automatic;
				DEVELOPMENT_TEAM = 2NZHQL2FPV;
				INFOPLIST_FILE = 35.TipCalculator/Info.plist;
				IPHONEOS_DEPLOYMENT_TARGET = 10.0;
				LD_RUNPATH_SEARCH_PATHS = (
					"$(inherited)",
					"@executable_path/Frameworks",
				);
				PRODUCT_BUNDLE_IDENTIFIER = com.littlema.TipCalculator;
				PRODUCT_NAME = "$(TARGET_NAME)";
				SWIFT_VERSION = 5.0;
				TARGETED_DEVICE_FAMILY = 1;
			};
			name = Release;
		};
/* End XCBuildConfiguration section */

/* Begin XCConfigurationList section */
		74C2B963224482490029D12D /* Build configuration list for PBXProject "35.TipCalculator" */ = {
			isa = XCConfigurationList;
			buildConfigurations = (
				74C2B9782244824B0029D12D /* Debug */,
				74C2B9792244824B0029D12D /* Release */,
			);
			defaultConfigurationIsVisible = 0;
			defaultConfigurationName = Release;
		};
		74C2B97A2244824B0029D12D /* Build configuration list for PBXNativeTarget "35.TipCalculator" */ = {
			isa = XCConfigurationList;
			buildConfigurations = (
				74C2B97B2244824B0029D12D /* Debug */,
				74C2B97C2244824B0029D12D /* Release */,
			);
			defaultConfigurationIsVisible = 0;
			defaultConfigurationName = Release;
		};
/* End XCConfigurationList section */
	};
	rootObject = 74C2B960224482490029D12D /* Project object */;
}
